
Microsoft Visual Studio Solution File, Format Version 12.00
# Visual Studio Version 16
VisualStudioVersion = 16.0.31112.23
MinimumVisualStudioVersion = 10.0.40219.1
Project("{FAE04EC0-301F-11D3-BF4B-00C04F79EFBC}") = "Actividad Integradora 3 Problema 1", "Actividad Integradora 3 Problema 1.csproj", "{66FEAEDC-AB18-45C8-AC3E-6107537B291A}"
EndProject
Global
	GlobalSection(SolutionConfigurationPlatforms) = preSolution
		Debug|Any CPU = Debug|Any CPU
		Release|Any CPU = Release|Any CPU
	EndGlobalSection
	GlobalSection(ProjectConfigurationPlatforms) = postSolution
		{66FEAEDC-AB18-45C8-AC3E-6107537B291A}.Debug|Any CPU.ActiveCfg = Debug|Any CPU
		{66FEAEDC-AB18-45C8-AC3E-6107537B291A}.Debug|Any CPU.Build.0 = Debug|Any CPU
		{66FEAEDC-AB18-45C8-AC3E-6107537B291A}.Release|Any CPU.ActiveCfg = Release|Any CPU
		{66FEAEDC-AB18-45C8-AC3E-6107537B291A}.Release|Any CPU.Build.0 = Release|Any CPU
	EndGlobalSection
	GlobalSection(SolutionProperties) = preSolution
		HideSolutionNode = FALSE
	EndGlobalSection
	GlobalSection(ExtensibilityGlobals) = postSolution
		SolutionGuid = {D4AD5277-0DA5-4D60-A520-F9D2146E93AD}
	EndGlobalSection
EndGlobal
